{
  "name": "hero-rails",
  "requires": true,
  "lockfileVersion": 1,
  "dependencies": {
    "bootstrap": {
      "version": "4.0.0",
      "resolved": "https://registry.npmjs.org/bootstrap/-/bootstrap-4.0.0.tgz",
      "integrity": "sha512-gulJE5dGFo6Q61V/whS6VM4WIyrlydXfCgkE+Gxe5hjrJ8rXLLZlALq7zq2RPhOc45PSwQpJkrTnc2KgD6cvmA==",
      "dev": true
    },
    "dom-factory": {
      "version": "1.0.0-alpha.10",
      "resolved": "https://registry.npmjs.org/dom-factory/-/dom-factory-1.0.0-alpha.10.tgz",
      "integrity": "sha512-BOwT8RTQgARfMaDdtqomMefo1T3AlWvaKaDH177DryLRZtLeKDytjipf+dQqDel+TO889Q7mUFmq0lZUWFI8dQ==",
      "dev": true
    },
    "jquery": {
      "version": "3.2.1",
      "resolved": "https://registry.npmjs.org/jquery/-/jquery-3.2.1.tgz",
      "integrity": "sha1-XE2d5lKvbNCncBVKYxu6ErAVx4c=",
      "dev": true
    },
    "material-design-icons-iconfont": {
      "version": "3.0.3",
      "resolved": "https://registry.npmjs.org/material-design-icons-iconfont/-/material-design-icons-iconfont-3.0.3.tgz",
      "integrity": "sha1-FUoQhAR9Ticjf6f1o34Qdc7qbfI=",
      "dev": true
    },
    "material-design-kit": {
      "version": "1.0.0-alpha.20",
      "resolved": "https://registry.npmjs.org/material-design-kit/-/material-design-kit-1.0.0-alpha.20.tgz",
      "integrity": "sha512-unGtebSOO5DnNR4jyN+21DpziAtON6zlFxE6dUdxhiJh5Ec0DMGNpjrxW7ampksiy/lFK+XcYCZWwXmnqyaxvQ==",
      "dev": true
    },
    "popper.js": {
      "version": "1.12.9",
      "resolved": "https://registry.npmjs.org/popper.js/-/popper.js-1.12.9.tgz",
      "integrity": "sha1-DfvC3/lsRRuzMu3Pz6r1ZtMx1bM=",
      "dev": true
    }
  }
}
